
Microsoft Visual Studio Solution File, Format Version 12.00
# Visual Studio Version 17
VisualStudioVersion = 17.4.33205.214
MinimumVisualStudioVersion = 10.0.40219.1
Project("{FAE04EC0-301F-11D3-BF4B-00C04F79EFBC}") = "ConsoleApp2", "ConsoleApp2.csproj", "{24BEB299-4A0E-46EA-8E39-9861B6750632}"
EndProject
Global
	GlobalSection(SolutionConfigurationPlatforms) = preSolution
		Debug|Any CPU = Debug|Any CPU
		Release|Any CPU = Release|Any CPU
	EndGlobalSection
	GlobalSection(ProjectConfigurationPlatforms) = postSolution
		{24BEB299-4A0E-46EA-8E39-9861B6750632}.Debug|Any CPU.ActiveCfg = Debug|Any CPU
		{24BEB299-4A0E-46EA-8E39-9861B6750632}.Debug|Any CPU.Build.0 = Debug|Any CPU
		{24BEB299-4A0E-46EA-8E39-9861B6750632}.Release|Any CPU.ActiveCfg = Release|Any CPU
		{24BEB299-4A0E-46EA-8E39-9861B6750632}.Release|Any CPU.Build.0 = Release|Any CPU
	EndGlobalSection
	GlobalSection(SolutionProperties) = preSolution
		HideSolutionNode = FALSE
	EndGlobalSection
	GlobalSection(ExtensibilityGlobals) = postSolution
		SolutionGuid = {C13F018D-B126-4206-900D-6575BEE9E378}
	EndGlobalSection
EndGlobal
