
Microsoft Visual Studio Solution File, Format Version 12.00
# Visual Studio Version 17
VisualStudioVersion = 17.4.33205.214
MinimumVisualStudioVersion = 10.0.40219.1
Project("{FAE04EC0-301F-11D3-BF4B-00C04F79EFBC}") = "WebApplication2", "WebApplication2.csproj", "{45FE7462-8FB3-4119-A869-A49E7E96545B}"
EndProject
Global
	GlobalSection(SolutionConfigurationPlatforms) = preSolution
		Debug|Any CPU = Debug|Any CPU
		Release|Any CPU = Release|Any CPU
	EndGlobalSection
	GlobalSection(ProjectConfigurationPlatforms) = postSolution
		{45FE7462-8FB3-4119-A869-A49E7E96545B}.Debug|Any CPU.ActiveCfg = Debug|Any CPU
		{45FE7462-8FB3-4119-A869-A49E7E96545B}.Debug|Any CPU.Build.0 = Debug|Any CPU
		{45FE7462-8FB3-4119-A869-A49E7E96545B}.Release|Any CPU.ActiveCfg = Release|Any CPU
		{45FE7462-8FB3-4119-A869-A49E7E96545B}.Release|Any CPU.Build.0 = Release|Any CPU
	EndGlobalSection
	GlobalSection(SolutionProperties) = preSolution
		HideSolutionNode = FALSE
	EndGlobalSection
	GlobalSection(ExtensibilityGlobals) = postSolution
		SolutionGuid = {466027A6-E349-487B-881D-6E6335F5F57A}
	EndGlobalSection
EndGlobal
