
Microsoft Visual Studio Solution File, Format Version 12.00
# Visual Studio Version 17
VisualStudioVersion = 17.4.33205.214
MinimumVisualStudioVersion = 10.0.40219.1
Project("{FAE04EC0-301F-11D3-BF4B-00C04F79EFBC}") = "ConsoleApp6", "ConsoleApp6.csproj", "{56001CDD-38F5-4058-A85C-4696AB79964B}"
EndProject
Global
	GlobalSection(SolutionConfigurationPlatforms) = preSolution
		Debug|Any CPU = Debug|Any CPU
		Release|Any CPU = Release|Any CPU
	EndGlobalSection
	GlobalSection(ProjectConfigurationPlatforms) = postSolution
		{56001CDD-38F5-4058-A85C-4696AB79964B}.Debug|Any CPU.ActiveCfg = Debug|Any CPU
		{56001CDD-38F5-4058-A85C-4696AB79964B}.Debug|Any CPU.Build.0 = Debug|Any CPU
		{56001CDD-38F5-4058-A85C-4696AB79964B}.Release|Any CPU.ActiveCfg = Release|Any CPU
		{56001CDD-38F5-4058-A85C-4696AB79964B}.Release|Any CPU.Build.0 = Release|Any CPU
	EndGlobalSection
	GlobalSection(SolutionProperties) = preSolution
		HideSolutionNode = FALSE
	EndGlobalSection
	GlobalSection(ExtensibilityGlobals) = postSolution
		SolutionGuid = {A90587C4-2552-41D1-808F-DA82FD79754D}
	EndGlobalSection
EndGlobal
