
Microsoft Visual Studio Solution File, Format Version 12.00
# Visual Studio Version 17
VisualStudioVersion = 17.4.33205.214
MinimumVisualStudioVersion = 10.0.40219.1
Project("{FAE04EC0-301F-11D3-BF4B-00C04F79EFBC}") = "Releaze", "Releaze.csproj", "{90313E4C-956D-4EA6-A2C8-9D04DD4F7D09}"
EndProject
Global
	GlobalSection(SolutionConfigurationPlatforms) = preSolution
		Debug|Any CPU = Debug|Any CPU
		Release|Any CPU = Release|Any CPU
	EndGlobalSection
	GlobalSection(ProjectConfigurationPlatforms) = postSolution
		{90313E4C-956D-4EA6-A2C8-9D04DD4F7D09}.Debug|Any CPU.ActiveCfg = Debug|Any CPU
		{90313E4C-956D-4EA6-A2C8-9D04DD4F7D09}.Debug|Any CPU.Build.0 = Debug|Any CPU
		{90313E4C-956D-4EA6-A2C8-9D04DD4F7D09}.Release|Any CPU.ActiveCfg = Release|Any CPU
		{90313E4C-956D-4EA6-A2C8-9D04DD4F7D09}.Release|Any CPU.Build.0 = Release|Any CPU
	EndGlobalSection
	GlobalSection(SolutionProperties) = preSolution
		HideSolutionNode = FALSE
	EndGlobalSection
	GlobalSection(ExtensibilityGlobals) = postSolution
		SolutionGuid = {E9283757-426B-4846-BF90-0B0682FC4713}
	EndGlobalSection
EndGlobal
